
Microsoft Visual Studio Solution File, Format Version 12.00
# Visual Studio 15
VisualStudioVersion = 15.0.28010.2016
MinimumVisualStudioVersion = 10.0.40219.1
Project("{FAE04EC0-301F-11D3-BF4B-00C04F79EFBC}") = "lean_tech_backend_test", "lean_tech_backend_test\lean_tech_backend_test.csproj", "{21433C7E-8E24-45F9-A99A-B22E5E22B0DC}"
EndProject
Global
	GlobalSection(SolutionConfigurationPlatforms) = preSolution
		Debug|Any CPU = Debug|Any CPU
		Release|Any CPU = Release|Any CPU
	EndGlobalSection
	GlobalSection(ProjectConfigurationPlatforms) = postSolution
		{21433C7E-8E24-45F9-A99A-B22E5E22B0DC}.Debug|Any CPU.ActiveCfg = Debug|Any CPU
		{21433C7E-8E24-45F9-A99A-B22E5E22B0DC}.Debug|Any CPU.Build.0 = Debug|Any CPU
		{21433C7E-8E24-45F9-A99A-B22E5E22B0DC}.Release|Any CPU.ActiveCfg = Release|Any CPU
		{21433C7E-8E24-45F9-A99A-B22E5E22B0DC}.Release|Any CPU.Build.0 = Release|Any CPU
	EndGlobalSection
	GlobalSection(SolutionProperties) = preSolution
		HideSolutionNode = FALSE
	EndGlobalSection
	GlobalSection(ExtensibilityGlobals) = postSolution
		SolutionGuid = {F7CF0BF4-5D56-44C2-9BED-0303CAF9B109}
	EndGlobalSection
EndGlobal
